
Microsoft Visual Studio Solution File, Format Version 12.00
# Visual Studio Version 17
VisualStudioVersion = 17.1.32210.238
MinimumVisualStudioVersion = 10.0.40219.1
Project("{9A19103F-16F7-4668-BE54-9A1E7A4F7556}") = "Ejercicio_Del_Libro_En_Wpf", "Ejercicio_Del_Libro_En_Wpf.csproj", "{D63B04EF-3977-4A0D-BDCC-0E4F43CA96E9}"
EndProject
Global
	GlobalSection(SolutionConfigurationPlatforms) = preSolution
		Debug|Any CPU = Debug|Any CPU
		Release|Any CPU = Release|Any CPU
	EndGlobalSection
	GlobalSection(ProjectConfigurationPlatforms) = postSolution
		{D63B04EF-3977-4A0D-BDCC-0E4F43CA96E9}.Debug|Any CPU.ActiveCfg = Debug|Any CPU
		{D63B04EF-3977-4A0D-BDCC-0E4F43CA96E9}.Debug|Any CPU.Build.0 = Debug|Any CPU
		{D63B04EF-3977-4A0D-BDCC-0E4F43CA96E9}.Release|Any CPU.ActiveCfg = Release|Any CPU
		{D63B04EF-3977-4A0D-BDCC-0E4F43CA96E9}.Release|Any CPU.Build.0 = Release|Any CPU
	EndGlobalSection
	GlobalSection(SolutionProperties) = preSolution
		HideSolutionNode = FALSE
	EndGlobalSection
	GlobalSection(ExtensibilityGlobals) = postSolution
		SolutionGuid = {C43EDAC9-BA7A-44AF-8E26-2373EB8475E9}
	EndGlobalSection
EndGlobal
